<?xml version="1.0" encoding="utf-8"?>
<Project ToolsVersion="4.0" xmlns="http://schemas.microsoft.com/developer/msbuild/2003">
  <ItemGroup>
    <Filter Include="Source Files">
      <UniqueIdentifier>{4FC737F1-C7A5-4376-A066-2A32D752A2FF}</UniqueIdentifier>
      <Extensions>cpp;cxx;c;def</Extensions>
    </Filter>
    <Filter Include="Header Files">
      <UniqueIdentifier>{93995380-89BD-4b04-88EB-625FBE52EBFB}</UniqueIdentifier>
      <Extensions>h</Extensions>
    </Filter>
    <Filter Include="Form Files">
      <UniqueIdentifier>{99349809-55BA-4b9d-BF79-8FDBB0286EB3}</UniqueIdentifier>
      <Extensions>ui</Extensions>
    </Filter>
    <Filter Include="Resource Files">
      <UniqueIdentifier>{D9D6E242-F8AF-46E4-B9FD-80ECBC20BA3E}</UniqueIdentifier>
      <Extensions>qrc;*</Extensions>
      <ParseFiles>false</ParseFiles>
    </Filter>
    <Filter Include="Generated Files">
      <UniqueIdentifier>{71ED8ED8-ACB9-4CE9-BBE1-E00B30144E11}</UniqueIdentifier>
      <Extensions>moc;h;cpp</Extensions>
      <SourceControlFiles>False</SourceControlFiles>
    </Filter>
  </ItemGroup>
  <ItemGroup>
    <ClCompile Include="ThirdParty\QSexyToolTip.cpp">
      <Filter>Source Files</Filter>
    </ClCompile>
    <ClCompile Include="Controls\LocalizedControls.cpp">
      <Filter>Source Files</Filter>
    </ClCompile>
    <ClCompile Include="Localization\Localizer.cpp">
      <Filter>Source Files</Filter>
    </ClCompile>
    <ClCompile Include="Settings\SettingsPage.cpp">
      <Filter>Source Files</Filter>
    </ClCompile>
    <ClCompile Include="Settings\Settings.cpp">
      <Filter>Source Files</Filter>
    </ClCompile>
    <ClCompile Include="DocumentManager.cpp">
      <Filter>Source Files</Filter>
    </ClCompile>
    <ClCompile Include="Commands\EditorUndoStack.cpp">
      <Filter>Source Files</Filter>
    </ClCompile>
    <ClCompile Include="Commands\EditorUndoCmd.cpp">
      <Filter>Source Files</Filter>
    </ClCompile>
    <ClCompile Include="Controls\UndoRedoHistory.cpp">
      <Filter>Source Files</Filter>
    </ClCompile>
    <ClCompile Include="Selectron.cpp">
      <Filter>Source Files</Filter>
    </ClCompile>
    <ClCompile Include="Commands\Shortcut.cpp">
      <Filter>Source Files</Filter>
    </ClCompile>
    <ClCompile Include="Controls\DocumentLinkedStackWidget.cpp">
      <Filter>Source Files</Filter>
    </ClCompile>
    <ClCompile Include="Controls\DocumentLinkedDockWidget.cpp">
      <Filter>Source Files</Filter>
    </ClCompile>
    <ClCompile Include="Dialogs\SettingsDialog.cpp">
      <Filter>Source Files</Filter>
    </ClCompile>
    <ClCompile Include="Dialogs\QuickActionDialog.cpp">
      <Filter>Source Files</Filter>
    </ClCompile>
    <ClCompile Include="Dialogs\EditorApplicationBase.cpp">
      <Filter>Source Files</Filter>
    </ClCompile>
    <ClCompile Include="AssetManagement\AssetMetadata.cpp">
      <Filter>Source Files</Filter>
    </ClCompile>
    <ClCompile Include="Localization\LanguageData.cpp">
      <Filter>Source Files</Filter>
    </ClCompile>
    <ClCompile Include="Controls\MemVis\MemoryVisualizer.cpp">
      <Filter>Source Files</Filter>
    </ClCompile>
    <ClCompile Include="Controls\Graph\GraphEditor.cpp">
      <Filter>Source Files</Filter>
    </ClCompile>
    <ClCompile Include="Controls\Timeline\TimelineEditor.cpp">
      <Filter>Source Files</Filter>
    </ClCompile>
    <ClCompile Include="Controls\BookmarksList.cpp">
      <Filter>Source Files</Filter>
    </ClCompile>
  </ItemGroup>
  <ItemGroup>
    <ClInclude Include="editorguicommon_global.h">
      <Filter>Header Files</Filter>
    </ClInclude>
    <ClInclude Include="ThirdParty\QSexyToolTip.h">
      <Filter>Header Files</Filter>
    </ClInclude>
    <ClInclude Include="GuiBuilder\MenuBuilder.h">
      <Filter>Header Files</Filter>
    </ClInclude>
    <ClInclude Include="GuiBuilder\RibbonBuilder.h">
      <Filter>Header Files</Filter>
    </ClInclude>
    <ClInclude Include="GuiBuilder\DockBuilder.h">
      <Filter>Header Files</Filter>
    </ClInclude>
    <ClInclude Include="RegisteredAction.h">
      <Filter>Header Files</Filter>
    </ClInclude>
    <ClInclude Include="Controls\LocalizedControls.h">
      <Filter>Header Files</Filter>
    </ClInclude>
    <ClInclude Include="GuiBuilder\DocumentBase.h">
      <Filter>Header Files</Filter>
    </ClInclude>
    <ClInclude Include="Localization\Localizer.h">
      <Filter>Header Files</Filter>
    </ClInclude>
    <ClInclude Include="Settings\SettingsPage.h">
      <Filter>Header Files</Filter>
    </ClInclude>
    <ClInclude Include="Settings\Settings.h">
      <Filter>Header Files</Filter>
    </ClInclude>
    <ClInclude Include="Settings\SettingValue.h">
      <Filter>Header Files</Filter>
    </ClInclude>
    <ClInclude Include="DocumentManager.h">
      <Filter>Header Files</Filter>
    </ClInclude>
    <ClInclude Include="GuiBuilder\GraphDocumentBase.h">
      <Filter>Header Files</Filter>
    </ClInclude>
    <ClInclude Include="Commands\EditorUndoStack.h">
      <Filter>Header Files</Filter>
    </ClInclude>
    <ClInclude Include="Commands\EditorUndoCmd.h">
      <Filter>Header Files</Filter>
    </ClInclude>
    <ClInclude Include="Controls\PropertyEditorFactory.h">
      <Filter>Header Files</Filter>
    </ClInclude>
    <ClInclude Include="Controls\GridPropertyEditorFactory.h">
      <Filter>Header Files</Filter>
    </ClInclude>
    <ClInclude Include="EditorApplicationBase.h">
      <Filter>Header Files</Filter>
    </ClInclude>
    <ClInclude Include="Controls\UndoRedoHistory.h">
      <Filter>Header Files</Filter>
    </ClInclude>
    <ClInclude Include="Selectron.h">
      <Filter>Header Files</Filter>
    </ClInclude>
    <ClInclude Include="DataSource.h">
      <Filter>Header Files</Filter>
    </ClInclude>
    <ClInclude Include="Commands\Shortcut.h">
      <Filter>Header Files</Filter>
    </ClInclude>
    <ClInclude Include="Controls\DocumentLinkedStackWidget.h">
      <Filter>Header Files</Filter>
    </ClInclude>
    <ClInclude Include="Controls\DocumentLinkedDockWidget.h">
      <Filter>Header Files</Filter>
    </ClInclude>
    <ClInclude Include="Dialogs\SettingsDialog.h">
      <Filter>Header Files</Filter>
    </ClInclude>
    <ClInclude Include="Dialogs\QuickActionDialog.h">
      <Filter>Header Files</Filter>
    </ClInclude>
    <ClInclude Include="AssetManagement\AssetMetadata.h">
      <Filter>Header Files</Filter>
    </ClInclude>
    <ClInclude Include="Localization\LanguageData.h">
      <Filter>Header Files</Filter>
    </ClInclude>
    <ClInclude Include="Controls\MemVis\MemoryVisualizer.h">
      <Filter>Header Files</Filter>
    </ClInclude>
    <ClInclude Include="Controls\Graph\GraphEditor.h">
      <Filter>Header Files</Filter>
    </ClInclude>
    <ClInclude Include="Controls\Timeline\TimelineEditor.h">
      <Filter>Header Files</Filter>
    </ClInclude>
    <ClInclude Include="Bookmark.h">
      <Filter>Header Files</Filter>
    </ClInclude>
    <ClInclude Include="Controls\BookmarksList.h">
      <Filter>Header Files</Filter>
    </ClInclude>
  </ItemGroup>
  <ItemGroup>
    <None Include="Readme.md" />
  </ItemGroup>
</Project>